
Microsoft Visual Studio Solution File, Format Version 12.00
# Visual Studio 15
VisualStudioVersion = 15.0.28010.2041
MinimumVisualStudioVersion = 10.0.40219.1
Project("{FAE04EC0-301F-11D3-BF4B-00C04F79EFBC}") = "Chronograph", "Chronograph\Chronograph.csproj", "{341378BF-741B-4267-AFD9-4422B1BAA241}"
EndProject
Global
	GlobalSection(SolutionConfigurationPlatforms) = preSolution
		Debug|Any CPU = Debug|Any CPU
		Release|Any CPU = Release|Any CPU
	EndGlobalSection
	GlobalSection(ProjectConfigurationPlatforms) = postSolution
		{341378BF-741B-4267-AFD9-4422B1BAA241}.Debug|Any CPU.ActiveCfg = Debug|Any CPU
		{341378BF-741B-4267-AFD9-4422B1BAA241}.Debug|Any CPU.Build.0 = Debug|Any CPU
		{341378BF-741B-4267-AFD9-4422B1BAA241}.Release|Any CPU.ActiveCfg = Release|Any CPU
		{341378BF-741B-4267-AFD9-4422B1BAA241}.Release|Any CPU.Build.0 = Release|Any CPU
	EndGlobalSection
	GlobalSection(SolutionProperties) = preSolution
		HideSolutionNode = FALSE
	EndGlobalSection
	GlobalSection(ExtensibilityGlobals) = postSolution
		SolutionGuid = {AC9B0E61-92A3-4995-8792-3001AD3E310C}
	EndGlobalSection
EndGlobal
